
Microsoft Visual Studio Solution File, Format Version 12.00
# Visual Studio Express 2012 for Windows Desktop
Project("{FAE04EC0-301F-11D3-BF4B-00C04F79EFBC}") = "ConEx", "ConEx.csproj", "{F61F7940-5BB5-42C0-A890-B034FEA867AA}"
EndProject
Project("{FAE04EC0-301F-11D3-BF4B-00C04F79EFBC}") = "ConEx_Tester", "ConEx_Tester.csproj", "{B80EB08F-DBB2-4CBC-A70E-37B613555646}"
	ProjectSection(ProjectDependencies) = postProject
		{F61F7940-5BB5-42C0-A890-B034FEA867AA} = {F61F7940-5BB5-42C0-A890-B034FEA867AA}
	EndProjectSection
EndProject
Global
	GlobalSection(SolutionConfigurationPlatforms) = preSolution
		Debug|Any CPU = Debug|Any CPU
		Release|Any CPU = Release|Any CPU
	EndGlobalSection
	GlobalSection(ProjectConfigurationPlatforms) = postSolution
		{F61F7940-5BB5-42C0-A890-B034FEA867AA}.Debug|Any CPU.ActiveCfg = Debug|Any CPU
		{F61F7940-5BB5-42C0-A890-B034FEA867AA}.Debug|Any CPU.Build.0 = Debug|Any CPU
		{F61F7940-5BB5-42C0-A890-B034FEA867AA}.Release|Any CPU.ActiveCfg = Release|Any CPU
		{F61F7940-5BB5-42C0-A890-B034FEA867AA}.Release|Any CPU.Build.0 = Release|Any CPU
		{B80EB08F-DBB2-4CBC-A70E-37B613555646}.Debug|Any CPU.ActiveCfg = Debug|Any CPU
		{B80EB08F-DBB2-4CBC-A70E-37B613555646}.Debug|Any CPU.Build.0 = Debug|Any CPU
		{B80EB08F-DBB2-4CBC-A70E-37B613555646}.Release|Any CPU.ActiveCfg = Release|Any CPU
		{B80EB08F-DBB2-4CBC-A70E-37B613555646}.Release|Any CPU.Build.0 = Release|Any CPU
	EndGlobalSection
	GlobalSection(SolutionProperties) = preSolution
		HideSolutionNode = FALSE
	EndGlobalSection
EndGlobal
